
Microsoft Visual Studio Solution File, Format Version 12.00
# Visual Studio 15
VisualStudioVersion = 15.0.28307.489
MinimumVisualStudioVersion = 10.0.40219.1
Project("{FAE04EC0-301F-11D3-BF4B-00C04F79EFBC}") = "Gemstone.Web", "Gemstone.Web\Gemstone.Web.csproj", "{D2C42D39-86FE-421F-B6E6-509ACF29B1B6}"
EndProject
Project("{FAE04EC0-301F-11D3-BF4B-00C04F79EFBC}") = "Gemstone.Core", "Gemstone.Core\Gemstone.Core\Gemstone.Core.csproj", "{4248D51D-0B7A-4441-8935-6848029D7AD4}"
EndProject
Project("{FAE04EC0-301F-11D3-BF4B-00C04F79EFBC}") = "Gemstone.Infrastructure", "Gemstone.Infrastructure\Gemstone.Infrastructure\Gemstone.Infrastructure.csproj", "{1BF0E7C4-E1AB-4C59-886D-D1EA5D736CCF}"
EndProject
Global
	GlobalSection(SolutionConfigurationPlatforms) = preSolution
		Debug|Any CPU = Debug|Any CPU
		Release|Any CPU = Release|Any CPU
	EndGlobalSection
	GlobalSection(ProjectConfigurationPlatforms) = postSolution
		{D2C42D39-86FE-421F-B6E6-509ACF29B1B6}.Debug|Any CPU.ActiveCfg = Debug|Any CPU
		{D2C42D39-86FE-421F-B6E6-509ACF29B1B6}.Debug|Any CPU.Build.0 = Debug|Any CPU
		{D2C42D39-86FE-421F-B6E6-509ACF29B1B6}.Release|Any CPU.ActiveCfg = Release|Any CPU
		{D2C42D39-86FE-421F-B6E6-509ACF29B1B6}.Release|Any CPU.Build.0 = Release|Any CPU
		{4248D51D-0B7A-4441-8935-6848029D7AD4}.Debug|Any CPU.ActiveCfg = Debug|Any CPU
		{4248D51D-0B7A-4441-8935-6848029D7AD4}.Debug|Any CPU.Build.0 = Debug|Any CPU
		{4248D51D-0B7A-4441-8935-6848029D7AD4}.Release|Any CPU.ActiveCfg = Release|Any CPU
		{4248D51D-0B7A-4441-8935-6848029D7AD4}.Release|Any CPU.Build.0 = Release|Any CPU
		{1BF0E7C4-E1AB-4C59-886D-D1EA5D736CCF}.Debug|Any CPU.ActiveCfg = Debug|Any CPU
		{1BF0E7C4-E1AB-4C59-886D-D1EA5D736CCF}.Debug|Any CPU.Build.0 = Debug|Any CPU
		{1BF0E7C4-E1AB-4C59-886D-D1EA5D736CCF}.Release|Any CPU.ActiveCfg = Release|Any CPU
		{1BF0E7C4-E1AB-4C59-886D-D1EA5D736CCF}.Release|Any CPU.Build.0 = Release|Any CPU
	EndGlobalSection
	GlobalSection(SolutionProperties) = preSolution
		HideSolutionNode = FALSE
	EndGlobalSection
	GlobalSection(ExtensibilityGlobals) = postSolution
		SolutionGuid = {53AA0515-7225-4AF8-A7B8-79D606D3F0E9}
	EndGlobalSection
EndGlobal
